
Microsoft Visual Studio Solution File, Format Version 12.00
# Visual Studio 15
VisualStudioVersion = 15.0.28010.2041
MinimumVisualStudioVersion = 10.0.40219.1
Project("{FAE04EC0-301F-11D3-BF4B-00C04F79EFBC}") = "CommandLineInterface", "CommandLineInterface\CommandLineInterface.csproj", "{52950FCA-92C9-4BFC-A136-35F477485A4F}"
EndProject
Project("{FAE04EC0-301F-11D3-BF4B-00C04F79EFBC}") = "GraphicalUserInterface", "GraphicalUserInterface\GraphicalUserInterface.csproj", "{A44E1658-F6A7-4258-A5BC-FEA6A80F5C7E}"
EndProject
Project("{FAE04EC0-301F-11D3-BF4B-00C04F79EFBC}") = "Library", "Library\Library.csproj", "{DF4C29A8-DC9D-4ABC-8B61-229495DD2C37}"
EndProject
Project("{FAE04EC0-301F-11D3-BF4B-00C04F79EFBC}") = "Tracing", "Tracing\Tracing.csproj", "{552A1500-EAFA-4239-A91A-E3D62593378C}"
EndProject
Project("{FAE04EC0-301F-11D3-BF4B-00C04F79EFBC}") = "LibraryTests", "LibraryTests\LibraryTests.csproj", "{55E14E36-1993-4C19-AE2A-FC500E5E7CD5}"
EndProject
Project("{FAE04EC0-301F-11D3-BF4B-00C04F79EFBC}") = "TracingTests", "TracingTests\TracingTests.csproj", "{42E88CDE-3140-49B7-BAA3-5D7394C31B13}"
EndProject
Project("{FAE04EC0-301F-11D3-BF4B-00C04F79EFBC}") = "Serializing", "Serializing\Serializing.csproj", "{D3F316A5-6F7D-42EC-B332-E6451EBCF704}"
EndProject
Project("{FAE04EC0-301F-11D3-BF4B-00C04F79EFBC}") = "SerializingTests", "SerializingTests\SerializingTests.csproj", "{0091279D-13F7-45BD-85F4-28F1193C15D7}"
EndProject
Project("{FAE04EC0-301F-11D3-BF4B-00C04F79EFBC}") = "FileSemanticTracing", "FileSemanticTracing\FileSemanticTracing.csproj", "{9FA31689-DFE7-4286-97AC-7DA130E55649}"
EndProject
Project("{FAE04EC0-301F-11D3-BF4B-00C04F79EFBC}") = "DatabaseSemanticTracing", "DatabaseSemanticTracing\DatabaseSemanticTracing.csproj", "{31FC8C2D-D006-4FA6-A7F8-08A5E59E8E9E}"
EndProject
Global
	GlobalSection(SolutionConfigurationPlatforms) = preSolution
		Debug|Any CPU = Debug|Any CPU
		Release|Any CPU = Release|Any CPU
	EndGlobalSection
	GlobalSection(ProjectConfigurationPlatforms) = postSolution
		{52950FCA-92C9-4BFC-A136-35F477485A4F}.Debug|Any CPU.ActiveCfg = Debug|Any CPU
		{52950FCA-92C9-4BFC-A136-35F477485A4F}.Debug|Any CPU.Build.0 = Debug|Any CPU
		{52950FCA-92C9-4BFC-A136-35F477485A4F}.Release|Any CPU.ActiveCfg = Release|Any CPU
		{52950FCA-92C9-4BFC-A136-35F477485A4F}.Release|Any CPU.Build.0 = Release|Any CPU
		{A44E1658-F6A7-4258-A5BC-FEA6A80F5C7E}.Debug|Any CPU.ActiveCfg = Debug|Any CPU
		{A44E1658-F6A7-4258-A5BC-FEA6A80F5C7E}.Debug|Any CPU.Build.0 = Debug|Any CPU
		{A44E1658-F6A7-4258-A5BC-FEA6A80F5C7E}.Release|Any CPU.ActiveCfg = Release|Any CPU
		{A44E1658-F6A7-4258-A5BC-FEA6A80F5C7E}.Release|Any CPU.Build.0 = Release|Any CPU
		{DF4C29A8-DC9D-4ABC-8B61-229495DD2C37}.Debug|Any CPU.ActiveCfg = Debug|Any CPU
		{DF4C29A8-DC9D-4ABC-8B61-229495DD2C37}.Debug|Any CPU.Build.0 = Debug|Any CPU
		{DF4C29A8-DC9D-4ABC-8B61-229495DD2C37}.Release|Any CPU.ActiveCfg = Release|Any CPU
		{DF4C29A8-DC9D-4ABC-8B61-229495DD2C37}.Release|Any CPU.Build.0 = Release|Any CPU
		{552A1500-EAFA-4239-A91A-E3D62593378C}.Debug|Any CPU.ActiveCfg = Debug|Any CPU
		{552A1500-EAFA-4239-A91A-E3D62593378C}.Debug|Any CPU.Build.0 = Debug|Any CPU
		{552A1500-EAFA-4239-A91A-E3D62593378C}.Release|Any CPU.ActiveCfg = Release|Any CPU
		{552A1500-EAFA-4239-A91A-E3D62593378C}.Release|Any CPU.Build.0 = Release|Any CPU
		{55E14E36-1993-4C19-AE2A-FC500E5E7CD5}.Debug|Any CPU.ActiveCfg = Debug|Any CPU
		{55E14E36-1993-4C19-AE2A-FC500E5E7CD5}.Debug|Any CPU.Build.0 = Debug|Any CPU
		{55E14E36-1993-4C19-AE2A-FC500E5E7CD5}.Release|Any CPU.ActiveCfg = Release|Any CPU
		{55E14E36-1993-4C19-AE2A-FC500E5E7CD5}.Release|Any CPU.Build.0 = Release|Any CPU
		{42E88CDE-3140-49B7-BAA3-5D7394C31B13}.Debug|Any CPU.ActiveCfg = Debug|Any CPU
		{42E88CDE-3140-49B7-BAA3-5D7394C31B13}.Debug|Any CPU.Build.0 = Debug|Any CPU
		{42E88CDE-3140-49B7-BAA3-5D7394C31B13}.Release|Any CPU.ActiveCfg = Release|Any CPU
		{42E88CDE-3140-49B7-BAA3-5D7394C31B13}.Release|Any CPU.Build.0 = Release|Any CPU
		{D3F316A5-6F7D-42EC-B332-E6451EBCF704}.Debug|Any CPU.ActiveCfg = Debug|Any CPU
		{D3F316A5-6F7D-42EC-B332-E6451EBCF704}.Debug|Any CPU.Build.0 = Debug|Any CPU
		{D3F316A5-6F7D-42EC-B332-E6451EBCF704}.Release|Any CPU.ActiveCfg = Release|Any CPU
		{D3F316A5-6F7D-42EC-B332-E6451EBCF704}.Release|Any CPU.Build.0 = Release|Any CPU
		{0091279D-13F7-45BD-85F4-28F1193C15D7}.Debug|Any CPU.ActiveCfg = Debug|Any CPU
		{0091279D-13F7-45BD-85F4-28F1193C15D7}.Debug|Any CPU.Build.0 = Debug|Any CPU
		{0091279D-13F7-45BD-85F4-28F1193C15D7}.Release|Any CPU.ActiveCfg = Release|Any CPU
		{0091279D-13F7-45BD-85F4-28F1193C15D7}.Release|Any CPU.Build.0 = Release|Any CPU
		{9FA31689-DFE7-4286-97AC-7DA130E55649}.Debug|Any CPU.ActiveCfg = Debug|Any CPU
		{9FA31689-DFE7-4286-97AC-7DA130E55649}.Debug|Any CPU.Build.0 = Debug|Any CPU
		{9FA31689-DFE7-4286-97AC-7DA130E55649}.Release|Any CPU.ActiveCfg = Release|Any CPU
		{9FA31689-DFE7-4286-97AC-7DA130E55649}.Release|Any CPU.Build.0 = Release|Any CPU
		{31FC8C2D-D006-4FA6-A7F8-08A5E59E8E9E}.Debug|Any CPU.ActiveCfg = Debug|Any CPU
		{31FC8C2D-D006-4FA6-A7F8-08A5E59E8E9E}.Debug|Any CPU.Build.0 = Debug|Any CPU
		{31FC8C2D-D006-4FA6-A7F8-08A5E59E8E9E}.Release|Any CPU.ActiveCfg = Release|Any CPU
		{31FC8C2D-D006-4FA6-A7F8-08A5E59E8E9E}.Release|Any CPU.Build.0 = Release|Any CPU
	EndGlobalSection
	GlobalSection(SolutionProperties) = preSolution
		HideSolutionNode = FALSE
	EndGlobalSection
	GlobalSection(ExtensibilityGlobals) = postSolution
		EnterpriseLibraryConfigurationToolBinariesPathV6 = packages\EnterpriseLibrary.TransientFaultHandling.6.0.1304.0\lib\portable-net45+win+wp8;packages\EnterpriseLibrary.TransientFaultHandling.Data.6.0.1304.1\lib\NET45
		SolutionGuid = {DF0BA247-769B-4BB6-8663-E3694B03C0F8}
	EndGlobalSection
EndGlobal
