
Microsoft Visual Studio Solution File, Format Version 12.00
# Visual Studio 15
VisualStudioVersion = 15.0.28010.2041
MinimumVisualStudioVersion = 10.0.40219.1
Project("{FAE04EC0-301F-11D3-BF4B-00C04F79EFBC}") = "CommandLineInterface", "CommandLineInterface\CommandLineInterface.csproj", "{52950FCA-92C9-4BFC-A136-35F477485A4F}"
EndProject
Project("{FAE04EC0-301F-11D3-BF4B-00C04F79EFBC}") = "GraphicalUserInterface", "GraphicalUserInterface\GraphicalUserInterface.csproj", "{A44E1658-F6A7-4258-A5BC-FEA6A80F5C7E}"
EndProject
Project("{FAE04EC0-301F-11D3-BF4B-00C04F79EFBC}") = "Library", "Library\Library.csproj", "{DF4C29A8-DC9D-4ABC-8B61-229495DD2C37}"
EndProject
Project("{FAE04EC0-301F-11D3-BF4B-00C04F79EFBC}") = "Tracing", "Tracing\Tracing.csproj", "{552A1500-EAFA-4239-A91A-E3D62593378C}"
EndProject
Project("{FAE04EC0-301F-11D3-BF4B-00C04F79EFBC}") = "LibraryTests", "LibraryTests\LibraryTests.csproj", "{55E14E36-1993-4C19-AE2A-FC500E5E7CD5}"
EndProject
Project("{FAE04EC0-301F-11D3-BF4B-00C04F79EFBC}") = "Serializing", "Serializing\Serializing.csproj", "{D3F316A5-6F7D-42EC-B332-E6451EBCF704}"
EndProject
Project("{FAE04EC0-301F-11D3-BF4B-00C04F79EFBC}") = "SerializingTests", "SerializingTests\SerializingTests.csproj", "{0091279D-13F7-45BD-85F4-28F1193C15D7}"
EndProject
Project("{FAE04EC0-301F-11D3-BF4B-00C04F79EFBC}") = "FileSemanticTracing", "FileSemanticTracing\FileSemanticTracing.csproj", "{9FA31689-DFE7-4286-97AC-7DA130E55649}"
EndProject
Project("{FAE04EC0-301F-11D3-BF4B-00C04F79EFBC}") = "Persistance", "Persistance\Persistance.csproj", "{82468F99-B386-4419-8DB0-FCA10B12699E}"
EndProject
Project("{FAE04EC0-301F-11D3-BF4B-00C04F79EFBC}") = "FileSemanticTracingTests", "FileSemanticTracingTests\FileSemanticTracingTests.csproj", "{69F2D376-FC83-4215-AC99-058D53142FF7}"
EndProject
Project("{2150E333-8FDC-42A3-9474-1A3956D46DE8}") = "View", "View", "{56049FBB-31F4-4C89-87C1-13E5EE01409E}"
EndProject
Project("{2150E333-8FDC-42A3-9474-1A3956D46DE8}") = "Model", "Model", "{65C81269-8CB7-486E-81EE-04E0C6954670}"
EndProject
Project("{2150E333-8FDC-42A3-9474-1A3956D46DE8}") = "ViewModel", "ViewModel", "{072EB429-4C5A-432B-A826-155F520AF190}"
EndProject
Project("{2150E333-8FDC-42A3-9474-1A3956D46DE8}") = "Tracing", "Tracing", "{37D34E22-0406-4181-B984-029C89C766E0}"
EndProject
Project("{2150E333-8FDC-42A3-9474-1A3956D46DE8}") = "Persistance", "Persistance", "{B54794B4-8253-4700-A4F6-5DB3E4756EE1}"
EndProject
Project("{FAE04EC0-301F-11D3-BF4B-00C04F79EFBC}") = "ModelContract", "ModelContract\ModelContract.csproj", "{3A99A3EA-C964-4CB2-8747-8F9A10689CC7}"
EndProject
Project("{FAE04EC0-301F-11D3-BF4B-00C04F79EFBC}") = "SerializationModel", "SerializationModel\SerializationModel.csproj", "{56877F83-2269-45AC-A7A8-73A8228D9BCC}"
EndProject
Global
	GlobalSection(SolutionConfigurationPlatforms) = preSolution
		Debug|Any CPU = Debug|Any CPU
		Release|Any CPU = Release|Any CPU
	EndGlobalSection
	GlobalSection(ProjectConfigurationPlatforms) = postSolution
		{52950FCA-92C9-4BFC-A136-35F477485A4F}.Debug|Any CPU.ActiveCfg = Debug|Any CPU
		{52950FCA-92C9-4BFC-A136-35F477485A4F}.Debug|Any CPU.Build.0 = Debug|Any CPU
		{52950FCA-92C9-4BFC-A136-35F477485A4F}.Release|Any CPU.ActiveCfg = Release|Any CPU
		{52950FCA-92C9-4BFC-A136-35F477485A4F}.Release|Any CPU.Build.0 = Release|Any CPU
		{A44E1658-F6A7-4258-A5BC-FEA6A80F5C7E}.Debug|Any CPU.ActiveCfg = Debug|Any CPU
		{A44E1658-F6A7-4258-A5BC-FEA6A80F5C7E}.Debug|Any CPU.Build.0 = Debug|Any CPU
		{A44E1658-F6A7-4258-A5BC-FEA6A80F5C7E}.Release|Any CPU.ActiveCfg = Release|Any CPU
		{A44E1658-F6A7-4258-A5BC-FEA6A80F5C7E}.Release|Any CPU.Build.0 = Release|Any CPU
		{DF4C29A8-DC9D-4ABC-8B61-229495DD2C37}.Debug|Any CPU.ActiveCfg = Debug|Any CPU
		{DF4C29A8-DC9D-4ABC-8B61-229495DD2C37}.Debug|Any CPU.Build.0 = Debug|Any CPU
		{DF4C29A8-DC9D-4ABC-8B61-229495DD2C37}.Release|Any CPU.ActiveCfg = Release|Any CPU
		{DF4C29A8-DC9D-4ABC-8B61-229495DD2C37}.Release|Any CPU.Build.0 = Release|Any CPU
		{552A1500-EAFA-4239-A91A-E3D62593378C}.Debug|Any CPU.ActiveCfg = Debug|Any CPU
		{552A1500-EAFA-4239-A91A-E3D62593378C}.Debug|Any CPU.Build.0 = Debug|Any CPU
		{552A1500-EAFA-4239-A91A-E3D62593378C}.Release|Any CPU.ActiveCfg = Release|Any CPU
		{552A1500-EAFA-4239-A91A-E3D62593378C}.Release|Any CPU.Build.0 = Release|Any CPU
		{55E14E36-1993-4C19-AE2A-FC500E5E7CD5}.Debug|Any CPU.ActiveCfg = Debug|Any CPU
		{55E14E36-1993-4C19-AE2A-FC500E5E7CD5}.Debug|Any CPU.Build.0 = Debug|Any CPU
		{55E14E36-1993-4C19-AE2A-FC500E5E7CD5}.Release|Any CPU.ActiveCfg = Release|Any CPU
		{55E14E36-1993-4C19-AE2A-FC500E5E7CD5}.Release|Any CPU.Build.0 = Release|Any CPU
		{D3F316A5-6F7D-42EC-B332-E6451EBCF704}.Debug|Any CPU.ActiveCfg = Debug|Any CPU
		{D3F316A5-6F7D-42EC-B332-E6451EBCF704}.Debug|Any CPU.Build.0 = Debug|Any CPU
		{D3F316A5-6F7D-42EC-B332-E6451EBCF704}.Release|Any CPU.ActiveCfg = Release|Any CPU
		{D3F316A5-6F7D-42EC-B332-E6451EBCF704}.Release|Any CPU.Build.0 = Release|Any CPU
		{0091279D-13F7-45BD-85F4-28F1193C15D7}.Debug|Any CPU.ActiveCfg = Debug|Any CPU
		{0091279D-13F7-45BD-85F4-28F1193C15D7}.Debug|Any CPU.Build.0 = Debug|Any CPU
		{0091279D-13F7-45BD-85F4-28F1193C15D7}.Release|Any CPU.ActiveCfg = Release|Any CPU
		{0091279D-13F7-45BD-85F4-28F1193C15D7}.Release|Any CPU.Build.0 = Release|Any CPU
		{9FA31689-DFE7-4286-97AC-7DA130E55649}.Debug|Any CPU.ActiveCfg = Debug|Any CPU
		{9FA31689-DFE7-4286-97AC-7DA130E55649}.Debug|Any CPU.Build.0 = Debug|Any CPU
		{9FA31689-DFE7-4286-97AC-7DA130E55649}.Release|Any CPU.ActiveCfg = Release|Any CPU
		{9FA31689-DFE7-4286-97AC-7DA130E55649}.Release|Any CPU.Build.0 = Release|Any CPU
		{82468F99-B386-4419-8DB0-FCA10B12699E}.Debug|Any CPU.ActiveCfg = Debug|Any CPU
		{82468F99-B386-4419-8DB0-FCA10B12699E}.Debug|Any CPU.Build.0 = Debug|Any CPU
		{82468F99-B386-4419-8DB0-FCA10B12699E}.Release|Any CPU.ActiveCfg = Release|Any CPU
		{82468F99-B386-4419-8DB0-FCA10B12699E}.Release|Any CPU.Build.0 = Release|Any CPU
		{69F2D376-FC83-4215-AC99-058D53142FF7}.Debug|Any CPU.ActiveCfg = Debug|Any CPU
		{69F2D376-FC83-4215-AC99-058D53142FF7}.Debug|Any CPU.Build.0 = Debug|Any CPU
		{69F2D376-FC83-4215-AC99-058D53142FF7}.Release|Any CPU.ActiveCfg = Release|Any CPU
		{69F2D376-FC83-4215-AC99-058D53142FF7}.Release|Any CPU.Build.0 = Release|Any CPU
		{3A99A3EA-C964-4CB2-8747-8F9A10689CC7}.Debug|Any CPU.ActiveCfg = Debug|Any CPU
		{3A99A3EA-C964-4CB2-8747-8F9A10689CC7}.Debug|Any CPU.Build.0 = Debug|Any CPU
		{3A99A3EA-C964-4CB2-8747-8F9A10689CC7}.Release|Any CPU.ActiveCfg = Release|Any CPU
		{3A99A3EA-C964-4CB2-8747-8F9A10689CC7}.Release|Any CPU.Build.0 = Release|Any CPU
		{56877F83-2269-45AC-A7A8-73A8228D9BCC}.Debug|Any CPU.ActiveCfg = Debug|Any CPU
		{56877F83-2269-45AC-A7A8-73A8228D9BCC}.Debug|Any CPU.Build.0 = Debug|Any CPU
		{56877F83-2269-45AC-A7A8-73A8228D9BCC}.Release|Any CPU.ActiveCfg = Release|Any CPU
		{56877F83-2269-45AC-A7A8-73A8228D9BCC}.Release|Any CPU.Build.0 = Release|Any CPU
	EndGlobalSection
	GlobalSection(SolutionProperties) = preSolution
		HideSolutionNode = FALSE
	EndGlobalSection
	GlobalSection(NestedProjects) = preSolution
		{52950FCA-92C9-4BFC-A136-35F477485A4F} = {56049FBB-31F4-4C89-87C1-13E5EE01409E}
		{A44E1658-F6A7-4258-A5BC-FEA6A80F5C7E} = {56049FBB-31F4-4C89-87C1-13E5EE01409E}
		{DF4C29A8-DC9D-4ABC-8B61-229495DD2C37} = {072EB429-4C5A-432B-A826-155F520AF190}
		{552A1500-EAFA-4239-A91A-E3D62593378C} = {37D34E22-0406-4181-B984-029C89C766E0}
		{55E14E36-1993-4C19-AE2A-FC500E5E7CD5} = {072EB429-4C5A-432B-A826-155F520AF190}
		{D3F316A5-6F7D-42EC-B332-E6451EBCF704} = {B54794B4-8253-4700-A4F6-5DB3E4756EE1}
		{0091279D-13F7-45BD-85F4-28F1193C15D7} = {B54794B4-8253-4700-A4F6-5DB3E4756EE1}
		{9FA31689-DFE7-4286-97AC-7DA130E55649} = {37D34E22-0406-4181-B984-029C89C766E0}
		{82468F99-B386-4419-8DB0-FCA10B12699E} = {B54794B4-8253-4700-A4F6-5DB3E4756EE1}
		{69F2D376-FC83-4215-AC99-058D53142FF7} = {37D34E22-0406-4181-B984-029C89C766E0}
		{3A99A3EA-C964-4CB2-8747-8F9A10689CC7} = {65C81269-8CB7-486E-81EE-04E0C6954670}
		{56877F83-2269-45AC-A7A8-73A8228D9BCC} = {65C81269-8CB7-486E-81EE-04E0C6954670}
	EndGlobalSection
	GlobalSection(ExtensibilityGlobals) = postSolution
		EnterpriseLibraryConfigurationToolBinariesPathV6 = packages\EnterpriseLibrary.TransientFaultHandling.6.0.1304.0\lib\portable-net45+win+wp8;packages\EnterpriseLibrary.TransientFaultHandling.Data.6.0.1304.1\lib\NET45
		SolutionGuid = {DF0BA247-769B-4BB6-8663-E3694B03C0F8}
	EndGlobalSection
EndGlobal
