
Microsoft Visual Studio Solution File, Format Version 12.00
# Visual Studio 15
VisualStudioVersion = 15.0.28010.2041
MinimumVisualStudioVersion = 10.0.40219.1
Project("{FAE04EC0-301F-11D3-BF4B-00C04F79EFBC}") = "CommandLineInterface", "CommandLineInterface\CommandLineInterface.csproj", "{52950FCA-92C9-4BFC-A136-35F477485A4F}"
EndProject
Global
	GlobalSection(SolutionConfigurationPlatforms) = preSolution
		Debug|Any CPU = Debug|Any CPU
		Release|Any CPU = Release|Any CPU
	EndGlobalSection
	GlobalSection(ProjectConfigurationPlatforms) = postSolution
		{52950FCA-92C9-4BFC-A136-35F477485A4F}.Debug|Any CPU.ActiveCfg = Debug|Any CPU
		{52950FCA-92C9-4BFC-A136-35F477485A4F}.Debug|Any CPU.Build.0 = Debug|Any CPU
		{52950FCA-92C9-4BFC-A136-35F477485A4F}.Release|Any CPU.ActiveCfg = Release|Any CPU
		{52950FCA-92C9-4BFC-A136-35F477485A4F}.Release|Any CPU.Build.0 = Release|Any CPU
	EndGlobalSection
	GlobalSection(SolutionProperties) = preSolution
		HideSolutionNode = FALSE
	EndGlobalSection
	GlobalSection(ExtensibilityGlobals) = postSolution
		SolutionGuid = {DF0BA247-769B-4BB6-8663-E3694B03C0F8}
	EndGlobalSection
EndGlobal
